
Microsoft Visual Studio Solution File, Format Version 12.00
Project("{FAE04EC0-301F-11D3-BF4B-00C04F79EFBC}") = "BrasilBurger.Client.Web", "src\BrasilBurger.Client.Web\BrasilBurger.Client.Web.csproj", "{912B6520-1F69-46DA-B3CE-15F4FD015617}"
EndProject
Project("{FAE04EC0-301F-11D3-BF4B-00C04F79EFBC}") = "BrasilBurger.Client.Domain", "src\BrasilBurger.Client.Domain\BrasilBurger.Client.Domain.csproj", "{CAAA80BD-E100-419D-8727-B33B4E108008}"
EndProject
Project("{FAE04EC0-301F-11D3-BF4B-00C04F79EFBC}") = "BrasilBurger.Client.Application", "src\BrasilBurger.Client.Application\BrasilBurger.Client.Application.csproj", "{9B62469B-CF96-46B9-B22C-00C07A8FE98E}"
EndProject
Project("{FAE04EC0-301F-11D3-BF4B-00C04F79EFBC}") = "BrasilBurger.Client.Infrastructure", "src\BrasilBurger.Client.Infrastructure\BrasilBurger.Client.Infrastructure.csproj", "{4BABACCE-6193-4BFD-8854-1DD43DB63F73}"
EndProject
Global
	GlobalSection(SolutionConfigurationPlatforms) = preSolution
		Debug|Any CPU = Debug|Any CPU
		Release|Any CPU = Release|Any CPU
	EndGlobalSection
	GlobalSection(ProjectConfigurationPlatforms) = postSolution
		{912B6520-1F69-46DA-B3CE-15F4FD015617}.Debug|Any CPU.ActiveCfg = Debug|Any CPU
		{912B6520-1F69-46DA-B3CE-15F4FD015617}.Debug|Any CPU.Build.0 = Debug|Any CPU
		{912B6520-1F69-46DA-B3CE-15F4FD015617}.Release|Any CPU.ActiveCfg = Release|Any CPU
		{912B6520-1F69-46DA-B3CE-15F4FD015617}.Release|Any CPU.Build.0 = Release|Any CPU
		{CAAA80BD-E100-419D-8727-B33B4E108008}.Debug|Any CPU.ActiveCfg = Debug|Any CPU
		{CAAA80BD-E100-419D-8727-B33B4E108008}.Debug|Any CPU.Build.0 = Debug|Any CPU
		{CAAA80BD-E100-419D-8727-B33B4E108008}.Release|Any CPU.ActiveCfg = Release|Any CPU
		{CAAA80BD-E100-419D-8727-B33B4E108008}.Release|Any CPU.Build.0 = Release|Any CPU
		{9B62469B-CF96-46B9-B22C-00C07A8FE98E}.Debug|Any CPU.ActiveCfg = Debug|Any CPU
		{9B62469B-CF96-46B9-B22C-00C07A8FE98E}.Debug|Any CPU.Build.0 = Debug|Any CPU
		{9B62469B-CF96-46B9-B22C-00C07A8FE98E}.Release|Any CPU.ActiveCfg = Release|Any CPU
		{9B62469B-CF96-46B9-B22C-00C07A8FE98E}.Release|Any CPU.Build.0 = Release|Any CPU
		{4BABACCE-6193-4BFD-8854-1DD43DB63F73}.Debug|Any CPU.ActiveCfg = Debug|Any CPU
		{4BABACCE-6193-4BFD-8854-1DD43DB63F73}.Debug|Any CPU.Build.0 = Debug|Any CPU
		{4BABACCE-6193-4BFD-8854-1DD43DB63F73}.Release|Any CPU.ActiveCfg = Release|Any CPU
		{4BABACCE-6193-4BFD-8854-1DD43DB63F73}.Release|Any CPU.Build.0 = Release|Any CPU
	EndGlobalSection
EndGlobal
